
Microsoft Visual Studio Solution File, Format Version 12.00
# Visual Studio 2012
Project("{FAE04EC0-301F-11D3-BF4B-00C04F79EFBC}") = "Tasky.iOS", "iOS\Tasky.iOS.csproj", "{1193FCF7-18CD-44DB-A6EC-8B0C3EFDC770}"
EndProject
Project("{FAE04EC0-301F-11D3-BF4B-00C04F79EFBC}") = "Tasky.Droid", "Droid\Tasky.Droid.csproj", "{51B3CAE0-343C-46A5-A398-6B09417BFD15}"
EndProject
Project("{FAE04EC0-301F-11D3-BF4B-00C04F79EFBC}") = "Tasky", "Tasky\Tasky.csproj", "{148D9350-D6CF-4D59-9E2A-77EAE3CBACF8}"
EndProject
Global
	GlobalSection(SolutionConfigurationPlatforms) = preSolution
		Debug|iPhoneSimulator = Debug|iPhoneSimulator
		Release|iPhone = Release|iPhone
		Release|iPhoneSimulator = Release|iPhoneSimulator
		Debug|iPhone = Debug|iPhone
		Debug|Any CPU = Debug|Any CPU
		Release|Any CPU = Release|Any CPU
	EndGlobalSection
	GlobalSection(ProjectConfigurationPlatforms) = postSolution
		{1193FCF7-18CD-44DB-A6EC-8B0C3EFDC770}.Debug|Any CPU.ActiveCfg = Debug|iPhoneSimulator
		{1193FCF7-18CD-44DB-A6EC-8B0C3EFDC770}.Debug|Any CPU.Build.0 = Debug|iPhoneSimulator
		{1193FCF7-18CD-44DB-A6EC-8B0C3EFDC770}.Debug|iPhone.ActiveCfg = Debug|iPhone
		{1193FCF7-18CD-44DB-A6EC-8B0C3EFDC770}.Debug|iPhone.Build.0 = Debug|iPhone
		{1193FCF7-18CD-44DB-A6EC-8B0C3EFDC770}.Debug|iPhoneSimulator.ActiveCfg = Debug|iPhoneSimulator
		{1193FCF7-18CD-44DB-A6EC-8B0C3EFDC770}.Debug|iPhoneSimulator.Build.0 = Debug|iPhoneSimulator
		{1193FCF7-18CD-44DB-A6EC-8B0C3EFDC770}.Release|Any CPU.ActiveCfg = Release|iPhone
		{1193FCF7-18CD-44DB-A6EC-8B0C3EFDC770}.Release|Any CPU.Build.0 = Release|iPhone
		{1193FCF7-18CD-44DB-A6EC-8B0C3EFDC770}.Release|iPhone.ActiveCfg = Release|iPhone
		{1193FCF7-18CD-44DB-A6EC-8B0C3EFDC770}.Release|iPhone.Build.0 = Release|iPhone
		{1193FCF7-18CD-44DB-A6EC-8B0C3EFDC770}.Release|iPhoneSimulator.ActiveCfg = Release|iPhoneSimulator
		{1193FCF7-18CD-44DB-A6EC-8B0C3EFDC770}.Release|iPhoneSimulator.Build.0 = Release|iPhoneSimulator
		{148D9350-D6CF-4D59-9E2A-77EAE3CBACF8}.Debug|Any CPU.ActiveCfg = Debug|Any CPU
		{148D9350-D6CF-4D59-9E2A-77EAE3CBACF8}.Debug|Any CPU.Build.0 = Debug|Any CPU
		{148D9350-D6CF-4D59-9E2A-77EAE3CBACF8}.Debug|iPhone.ActiveCfg = Debug|Any CPU
		{148D9350-D6CF-4D59-9E2A-77EAE3CBACF8}.Debug|iPhone.Build.0 = Debug|Any CPU
		{148D9350-D6CF-4D59-9E2A-77EAE3CBACF8}.Debug|iPhoneSimulator.ActiveCfg = Debug|Any CPU
		{148D9350-D6CF-4D59-9E2A-77EAE3CBACF8}.Debug|iPhoneSimulator.Build.0 = Debug|Any CPU
		{148D9350-D6CF-4D59-9E2A-77EAE3CBACF8}.Release|Any CPU.ActiveCfg = Release|Any CPU
		{148D9350-D6CF-4D59-9E2A-77EAE3CBACF8}.Release|Any CPU.Build.0 = Release|Any CPU
		{148D9350-D6CF-4D59-9E2A-77EAE3CBACF8}.Release|iPhone.ActiveCfg = Release|Any CPU
		{148D9350-D6CF-4D59-9E2A-77EAE3CBACF8}.Release|iPhone.Build.0 = Release|Any CPU
		{148D9350-D6CF-4D59-9E2A-77EAE3CBACF8}.Release|iPhoneSimulator.ActiveCfg = Release|Any CPU
		{148D9350-D6CF-4D59-9E2A-77EAE3CBACF8}.Release|iPhoneSimulator.Build.0 = Release|Any CPU
		{51B3CAE0-343C-46A5-A398-6B09417BFD15}.Debug|Any CPU.ActiveCfg = Debug|Any CPU
		{51B3CAE0-343C-46A5-A398-6B09417BFD15}.Debug|Any CPU.Build.0 = Debug|Any CPU
		{51B3CAE0-343C-46A5-A398-6B09417BFD15}.Debug|iPhone.ActiveCfg = Debug|Any CPU
		{51B3CAE0-343C-46A5-A398-6B09417BFD15}.Debug|iPhone.Build.0 = Debug|Any CPU
		{51B3CAE0-343C-46A5-A398-6B09417BFD15}.Debug|iPhoneSimulator.ActiveCfg = Debug|Any CPU
		{51B3CAE0-343C-46A5-A398-6B09417BFD15}.Debug|iPhoneSimulator.Build.0 = Debug|Any CPU
		{51B3CAE0-343C-46A5-A398-6B09417BFD15}.Release|Any CPU.ActiveCfg = Release|Any CPU
		{51B3CAE0-343C-46A5-A398-6B09417BFD15}.Release|Any CPU.Build.0 = Release|Any CPU
		{51B3CAE0-343C-46A5-A398-6B09417BFD15}.Release|iPhone.ActiveCfg = Release|Any CPU
		{51B3CAE0-343C-46A5-A398-6B09417BFD15}.Release|iPhone.Build.0 = Release|Any CPU
		{51B3CAE0-343C-46A5-A398-6B09417BFD15}.Release|iPhoneSimulator.ActiveCfg = Release|Any CPU
		{51B3CAE0-343C-46A5-A398-6B09417BFD15}.Release|iPhoneSimulator.Build.0 = Release|Any CPU
	EndGlobalSection
EndGlobal
